
Microsoft Visual Studio Solution File, Format Version 12.00
# Visual Studio Version 17
VisualStudioVersion = 17.9.34616.47
MinimumVisualStudioVersion = 10.0.40219.1
Project("{FAE04EC0-301F-11D3-BF4B-00C04F79EFBC}") = "SkillPull", "SkillPull\SkillPull.csproj", "{31A34B2E-9400-49AC-BE04-92A249B6E875}"
EndProject
Global
	GlobalSection(SolutionConfigurationPlatforms) = preSolution
		Debug|Any CPU = Debug|Any CPU
		Release|Any CPU = Release|Any CPU
	EndGlobalSection
	GlobalSection(ProjectConfigurationPlatforms) = postSolution
		{31A34B2E-9400-49AC-BE04-92A249B6E875}.Debug|Any CPU.ActiveCfg = Debug|Any CPU
		{31A34B2E-9400-49AC-BE04-92A249B6E875}.Debug|Any CPU.Build.0 = Debug|Any CPU
		{31A34B2E-9400-49AC-BE04-92A249B6E875}.Release|Any CPU.ActiveCfg = Release|Any CPU
		{31A34B2E-9400-49AC-BE04-92A249B6E875}.Release|Any CPU.Build.0 = Release|Any CPU
	EndGlobalSection
	GlobalSection(SolutionProperties) = preSolution
		HideSolutionNode = FALSE
	EndGlobalSection
	GlobalSection(ExtensibilityGlobals) = postSolution
		SolutionGuid = {3CE7B252-FBB5-4447-A36F-38D37A5B883B}
	EndGlobalSection
EndGlobal
